// !$*UTF8*$!
{
	archiveVersion = 1;
	classes = {
	};
	objectVersion = 50;
	objects = {

/* Begin PBXBuildFile section */
		232645D92552CB9700903C14 /* ViewModel.swift in Sources */ = {isa = PBXBuildFile; fileRef = 232645D82552CB9700903C14 /* ViewModel.swift */; };
		23E545E12522273300F145B8 /* UIColor+hexInit.swift in Sources */ = {isa = PBXBuildFile; fileRef = 23E545E02522273300F145B8 /* UIColor+hexInit.swift */; };
		23E545E625222E2900F145B8 /* Player.swift in Sources */ = {isa = PBXBuildFile; fileRef = 23E545E525222E2900F145B8 /* Player.swift */; };
		23E545EB25222E4D00F145B8 /* TurnHandler.swift in Sources */ = {isa = PBXBuildFile; fileRef = 23E545EA25222E4D00F145B8 /* TurnHandler.swift */; };
		23E545F0252231AF00F145B8 /* PlayerLabel.swift in Sources */ = {isa = PBXBuildFile; fileRef = 23E545EF252231AF00F145B8 /* PlayerLabel.swift */; };
		23E545F5252238DC00F145B8 /* TurnHandlerTests.swift in Sources */ = {isa = PBXBuildFile; fileRef = 23E545F4252238DC00F145B8 /* TurnHandlerTests.swift */; };
		23F7B99D2522056A00F2C9C8 /* AppDelegate.swift in Sources */ = {isa = PBXBuildFile; fileRef = 23F7B99C2522056A00F2C9C8 /* AppDelegate.swift */; };
		23F7B99F2522056A00F2C9C8 /* SceneDelegate.swift in Sources */ = {isa = PBXBuildFile; fileRef = 23F7B99E2522056A00F2C9C8 /* SceneDelegate.swift */; };
		23F7B9A12522056A00F2C9C8 /* ViewController.swift in Sources */ = {isa = PBXBuildFile; fileRef = 23F7B9A02522056A00F2C9C8 /* ViewController.swift */; };
		23F7B9A42522056A00F2C9C8 /* Main.storyboard in Resources */ = {isa = PBXBuildFile; fileRef = 23F7B9A22522056A00F2C9C8 /* Main.storyboard */; };
		23F7B9A62522056C00F2C9C8 /* Assets.xcassets in Resources */ = {isa = PBXBuildFile; fileRef = 23F7B9A52522056C00F2C9C8 /* Assets.xcassets */; };
		23F7B9A92522056C00F2C9C8 /* LaunchScreen.storyboard in Resources */ = {isa = PBXBuildFile; fileRef = 23F7B9A72522056C00F2C9C8 /* LaunchScreen.storyboard */; };
		23F7B9BF2522056D00F2C9C8 /* ConnectFourUITests.swift in Sources */ = {isa = PBXBuildFile; fileRef = 23F7B9BE2522056D00F2C9C8 /* ConnectFourUITests.swift */; };
		23F7B9D72522071500F2C9C8 /* GameManager.swift in Sources */ = {isa = PBXBuildFile; fileRef = 23F7B9D62522071500F2C9C8 /* GameManager.swift */; };
		23F7B9E725220A5000F2C9C8 /* GameManagerTests.swift in Sources */ = {isa = PBXBuildFile; fileRef = 23F7B9E625220A5000F2C9C8 /* GameManagerTests.swift */; };
		23F7B9EC2522122600F2C9C8 /* GameConfig.swift in Sources */ = {isa = PBXBuildFile; fileRef = 23F7B9EB2522122600F2C9C8 /* GameConfig.swift */; };
		23F7B9F22522135B00F2C9C8 /* GameError.swift in Sources */ = {isa = PBXBuildFile; fileRef = 23F7B9F12522135B00F2C9C8 /* GameError.swift */; };
		23F7B9FA2522138000F2C9C8 /* ConfigLoader.swift in Sources */ = {isa = PBXBuildFile; fileRef = 23F7B9F92522138000F2C9C8 /* ConfigLoader.swift */; };
		23F7B9FF2522156100F2C9C8 /* GameConfigTests.swift in Sources */ = {isa = PBXBuildFile; fileRef = 23F7B9FE2522156100F2C9C8 /* GameConfigTests.swift */; };
		23F7BA0725221F6E00F2C9C8 /* DiscView.swift in Sources */ = {isa = PBXBuildFile; fileRef = 23F7BA0625221F6E00F2C9C8 /* DiscView.swift */; };
		23F7BA0C25221F9B00F2C9C8 /* ColumnView.swift in Sources */ = {isa = PBXBuildFile; fileRef = 23F7BA0B25221F9B00F2C9C8 /* ColumnView.swift */; };
/* End PBXBuildFile section */

/* Begin PBXContainerItemProxy section */
		23F7B9B02522056C00F2C9C8 /* PBXContainerItemProxy */ = {
			isa = PBXContainerItemProxy;
			containerPortal = 23F7B9912522056A00F2C9C8 /* Project object */;
			proxyType = 1;
			remoteGlobalIDString = 23F7B9982522056A00F2C9C8;
			remoteInfo = ConnectFour;
		};
		23F7B9BB2522056C00F2C9C8 /* PBXContainerItemProxy */ = {
			isa = PBXContainerItemProxy;
			containerPortal = 23F7B9912522056A00F2C9C8 /* Project object */;
			proxyType = 1;
			remoteGlobalIDString = 23F7B9982522056A00F2C9C8;
			remoteInfo = ConnectFour;
		};
/* End PBXContainerItemProxy section */

/* Begin PBXFileReference section */
		232645D82552CB9700903C14 /* ViewModel.swift */ = {isa = PBXFileReference; lastKnownFileType = sourcecode.swift; path = ViewModel.swift; sourceTree = "<group>"; };
		23E545E02522273300F145B8 /* UIColor+hexInit.swift */ = {isa = PBXFileReference; lastKnownFileType = sourcecode.swift; path = "UIColor+hexInit.swift"; sourceTree = "<group>"; };
		23E545E525222E2900F145B8 /* Player.swift */ = {isa = PBXFileReference; lastKnownFileType = sourcecode.swift; path = Player.swift; sourceTree = "<group>"; };
		23E545EA25222E4D00F145B8 /* TurnHandler.swift */ = {isa = PBXFileReference; lastKnownFileType = sourcecode.swift; path = TurnHandler.swift; sourceTree = "<group>"; };
		23E545EF252231AF00F145B8 /* PlayerLabel.swift */ = {isa = PBXFileReference; lastKnownFileType = sourcecode.swift; path = PlayerLabel.swift; sourceTree = "<group>"; };
		23E545F4252238DC00F145B8 /* TurnHandlerTests.swift */ = {isa = PBXFileReference; lastKnownFileType = sourcecode.swift; path = TurnHandlerTests.swift; sourceTree = "<group>"; };
		23F7B9992522056A00F2C9C8 /* ConnectFour.app */ = {isa = PBXFileReference; explicitFileType = wrapper.application; includeInIndex = 0; path = ConnectFour.app; sourceTree = BUILT_PRODUCTS_DIR; };
		23F7B99C2522056A00F2C9C8 /* AppDelegate.swift */ = {isa = PBXFileReference; lastKnownFileType = sourcecode.swift; path = AppDelegate.swift; sourceTree = "<group>"; };
		23F7B99E2522056A00F2C9C8 /* SceneDelegate.swift */ = {isa = PBXFileReference; lastKnownFileType = sourcecode.swift; path = SceneDelegate.swift; sourceTree = "<group>"; };
		23F7B9A02522056A00F2C9C8 /* ViewController.swift */ = {isa = PBXFileReference; lastKnownFileType = sourcecode.swift; path = ViewController.swift; sourceTree = "<group>"; };
		23F7B9A32522056A00F2C9C8 /* Base */ = {isa = PBXFileReference; lastKnownFileType = file.storyboard; name = Base; path = Base.lproj/Main.storyboard; sourceTree = "<group>"; };
		23F7B9A52522056C00F2C9C8 /* Assets.xcassets */ = {isa = PBXFileReference; lastKnownFileType = folder.assetcatalog; path = Assets.xcassets; sourceTree = "<group>"; };
		23F7B9A82522056C00F2C9C8 /* Base */ = {isa = PBXFileReference; lastKnownFileType = file.storyboard; name = Base; path = Base.lproj/LaunchScreen.storyboard; sourceTree = "<group>"; };
		23F7B9AA2522056C00F2C9C8 /* Info.plist */ = {isa = PBXFileReference; lastKnownFileType = text.plist.xml; path = Info.plist; sourceTree = "<group>"; };
		23F7B9AF2522056C00F2C9C8 /* ConnectFourTests.xctest */ = {isa = PBXFileReference; explicitFileType = wrapper.cfbundle; includeInIndex = 0; path = ConnectFourTests.xctest; sourceTree = BUILT_PRODUCTS_DIR; };
		23F7B9B52522056C00F2C9C8 /* Info.plist */ = {isa = PBXFileReference; lastKnownFileType = text.plist.xml; path = Info.plist; sourceTree = "<group>"; };
		23F7B9BA2522056C00F2C9C8 /* ConnectFourUITests.xctest */ = {isa = PBXFileReference; explicitFileType = wrapper.cfbundle; includeInIndex = 0; path = ConnectFourUITests.xctest; sourceTree = BUILT_PRODUCTS_DIR; };
		23F7B9BE2522056D00F2C9C8 /* ConnectFourUITests.swift */ = {isa = PBXFileReference; lastKnownFileType = sourcecode.swift; path = ConnectFourUITests.swift; sourceTree = "<group>"; };
		23F7B9C02522056D00F2C9C8 /* Info.plist */ = {isa = PBXFileReference; lastKnownFileType = text.plist.xml; path = Info.plist; sourceTree = "<group>"; };
		23F7B9D62522071500F2C9C8 /* GameManager.swift */ = {isa = PBXFileReference; lastKnownFileType = sourcecode.swift; path = GameManager.swift; sourceTree = "<group>"; };
		23F7B9E625220A5000F2C9C8 /* GameManagerTests.swift */ = {isa = PBXFileReference; lastKnownFileType = sourcecode.swift; path = GameManagerTests.swift; sourceTree = "<group>"; };
		23F7B9EB2522122600F2C9C8 /* GameConfig.swift */ = {isa = PBXFileReference; lastKnownFileType = sourcecode.swift; path = GameConfig.swift; sourceTree = "<group>"; };
		23F7B9F12522135B00F2C9C8 /* GameError.swift */ = {isa = PBXFileReference; lastKnownFileType = sourcecode.swift; path = GameError.swift; sourceTree = "<group>"; };
		23F7B9F92522138000F2C9C8 /* ConfigLoader.swift */ = {isa = PBXFileReference; lastKnownFileType = sourcecode.swift; path = ConfigLoader.swift; sourceTree = "<group>"; };
		23F7B9FE2522156100F2C9C8 /* GameConfigTests.swift */ = {isa = PBXFileReference; lastKnownFileType = sourcecode.swift; path = GameConfigTests.swift; sourceTree = "<group>"; };
		23F7BA0625221F6E00F2C9C8 /* DiscView.swift */ = {isa = PBXFileReference; lastKnownFileType = sourcecode.swift; path = DiscView.swift; sourceTree = "<group>"; };
		23F7BA0B25221F9B00F2C9C8 /* ColumnView.swift */ = {isa = PBXFileReference; lastKnownFileType = sourcecode.swift; path = ColumnView.swift; sourceTree = "<group>"; };
/* End PBXFileReference section */

/* Begin PBXFrameworksBuildPhase section */
		23F7B9962522056A00F2C9C8 /* Frameworks */ = {
			isa = PBXFrameworksBuildPhase;
			buildActionMask = 2147483647;
			files = (
			);
			runOnlyForDeploymentPostprocessing = 0;
		};
		23F7B9AC2522056C00F2C9C8 /* Frameworks */ = {
			isa = PBXFrameworksBuildPhase;
			buildActionMask = 2147483647;
			files = (
			);
			runOnlyForDeploymentPostprocessing = 0;
		};
		23F7B9B72522056C00F2C9C8 /* Frameworks */ = {
			isa = PBXFrameworksBuildPhase;
			buildActionMask = 2147483647;
			files = (
			);
			runOnlyForDeploymentPostprocessing = 0;
		};
/* End PBXFrameworksBuildPhase section */

/* Begin PBXGroup section */
		23E545DF2522271100F145B8 /* Extensions */ = {
			isa = PBXGroup;
			children = (
				23E545E02522273300F145B8 /* UIColor+hexInit.swift */,
			);
			path = Extensions;
			sourceTree = "<group>";
		};
		23F7B9902522056A00F2C9C8 = {
			isa = PBXGroup;
			children = (
				23F7B99B2522056A00F2C9C8 /* ConnectFour */,
				23F7B9B22522056C00F2C9C8 /* ConnectFourTests */,
				23F7B9BD2522056D00F2C9C8 /* ConnectFourUITests */,
				23F7B99A2522056A00F2C9C8 /* Products */,
			);
			sourceTree = "<group>";
		};
		23F7B99A2522056A00F2C9C8 /* Products */ = {
			isa = PBXGroup;
			children = (
				23F7B9992522056A00F2C9C8 /* ConnectFour.app */,
				23F7B9AF2522056C00F2C9C8 /* ConnectFourTests.xctest */,
				23F7B9BA2522056C00F2C9C8 /* ConnectFourUITests.xctest */,
			);
			name = Products;
			sourceTree = "<group>";
		};
		23F7B99B2522056A00F2C9C8 /* ConnectFour */ = {
			isa = PBXGroup;
			children = (
				23F7B9F02522133B00F2C9C8 /* Common */,
				23F7B9DF2522092500F2C9C8 /* Logic */,
				23F7B9DE2522091100F2C9C8 /* UI */,
				23F7B9D2252206A200F2C9C8 /* SupportingFiles */,
			);
			path = ConnectFour;
			sourceTree = "<group>";
		};
		23F7B9B22522056C00F2C9C8 /* ConnectFourTests */ = {
			isa = PBXGroup;
			children = (
				23F7B9B52522056C00F2C9C8 /* Info.plist */,
				23F7B9E625220A5000F2C9C8 /* GameManagerTests.swift */,
				23F7B9FE2522156100F2C9C8 /* GameConfigTests.swift */,
				23E545F4252238DC00F145B8 /* TurnHandlerTests.swift */,
			);
			path = ConnectFourTests;
			sourceTree = "<group>";
		};
		23F7B9BD2522056D00F2C9C8 /* ConnectFourUITests */ = {
			isa = PBXGroup;
			children = (
				23F7B9BE2522056D00F2C9C8 /* ConnectFourUITests.swift */,
				23F7B9C02522056D00F2C9C8 /* Info.plist */,
			);
			path = ConnectFourUITests;
			sourceTree = "<group>";
		};
		23F7B9D2252206A200F2C9C8 /* SupportingFiles */ = {
			isa = PBXGroup;
			children = (
				23F7B99C2522056A00F2C9C8 /* AppDelegate.swift */,
				23F7B99E2522056A00F2C9C8 /* SceneDelegate.swift */,
				23F7B9A22522056A00F2C9C8 /* Main.storyboard */,
				23F7B9A52522056C00F2C9C8 /* Assets.xcassets */,
				23F7B9A72522056C00F2C9C8 /* LaunchScreen.storyboard */,
				23F7B9AA2522056C00F2C9C8 /* Info.plist */,
			);
			path = SupportingFiles;
			sourceTree = "<group>";
		};
		23F7B9DE2522091100F2C9C8 /* UI */ = {
			isa = PBXGroup;
			children = (
				23F7B9A02522056A00F2C9C8 /* ViewController.swift */,
				23F7BA0625221F6E00F2C9C8 /* DiscView.swift */,
				23F7BA0B25221F9B00F2C9C8 /* ColumnView.swift */,
				23E545EF252231AF00F145B8 /* PlayerLabel.swift */,
			);
			path = UI;
			sourceTree = "<group>";
		};
		23F7B9DF2522092500F2C9C8 /* Logic */ = {
			isa = PBXGroup;
			children = (
				23F7B9D62522071500F2C9C8 /* GameManager.swift */,
				23F7B9EB2522122600F2C9C8 /* GameConfig.swift */,
				23F7B9F92522138000F2C9C8 /* ConfigLoader.swift */,
				23E545E525222E2900F145B8 /* Player.swift */,
				23E545EA25222E4D00F145B8 /* TurnHandler.swift */,
				232645D82552CB9700903C14 /* ViewModel.swift */,
			);
			path = Logic;
			sourceTree = "<group>";
		};
		23F7B9F02522133B00F2C9C8 /* Common */ = {
			isa = PBXGroup;
			children = (
				23E545DF2522271100F145B8 /* Extensions */,
				23F7B9F12522135B00F2C9C8 /* GameError.swift */,
			);
			path = Common;
			sourceTree = "<group>";
		};
/* End PBXGroup section */

/* Begin PBXNativeTarget section */
		23F7B9982522056A00F2C9C8 /* ConnectFour */ = {
			isa = PBXNativeTarget;
			buildConfigurationList = 23F7B9C32522056D00F2C9C8 /* Build configuration list for PBXNativeTarget "ConnectFour" */;
			buildPhases = (
				23F7B9952522056A00F2C9C8 /* Sources */,
				23F7B9962522056A00F2C9C8 /* Frameworks */,
				23F7B9972522056A00F2C9C8 /* Resources */,
			);
			buildRules = (
			);
			dependencies = (
			);
			name = ConnectFour;
			productName = ConnectFour;
			productReference = 23F7B9992522056A00F2C9C8 /* ConnectFour.app */;
			productType = "com.apple.product-type.application";
		};
		23F7B9AE2522056C00F2C9C8 /* ConnectFourTests */ = {
			isa = PBXNativeTarget;
			buildConfigurationList = 23F7B9C62522056D00F2C9C8 /* Build configuration list for PBXNativeTarget "ConnectFourTests" */;
			buildPhases = (
				23F7B9AB2522056C00F2C9C8 /* Sources */,
				23F7B9AC2522056C00F2C9C8 /* Frameworks */,
				23F7B9AD2522056C00F2C9C8 /* Resources */,
			);
			buildRules = (
			);
			dependencies = (
				23F7B9B12522056C00F2C9C8 /* PBXTargetDependency */,
			);
			name = ConnectFourTests;
			productName = ConnectFourTests;
			productReference = 23F7B9AF2522056C00F2C9C8 /* ConnectFourTests.xctest */;
			productType = "com.apple.product-type.bundle.unit-test";
		};
		23F7B9B92522056C00F2C9C8 /* ConnectFourUITests */ = {
			isa = PBXNativeTarget;
			buildConfigurationList = 23F7B9C92522056D00F2C9C8 /* Build configuration list for PBXNativeTarget "ConnectFourUITests" */;
			buildPhases = (
				23F7B9B62522056C00F2C9C8 /* Sources */,
				23F7B9B72522056C00F2C9C8 /* Frameworks */,
				23F7B9B82522056C00F2C9C8 /* Resources */,
			);
			buildRules = (
			);
			dependencies = (
				23F7B9BC2522056C00F2C9C8 /* PBXTargetDependency */,
			);
			name = ConnectFourUITests;
			productName = ConnectFourUITests;
			productReference = 23F7B9BA2522056C00F2C9C8 /* ConnectFourUITests.xctest */;
			productType = "com.apple.product-type.bundle.ui-testing";
		};
/* End PBXNativeTarget section */

/* Begin PBXProject section */
		23F7B9912522056A00F2C9C8 /* Project object */ = {
			isa = PBXProject;
			attributes = {
				LastSwiftUpdateCheck = 1200;
				LastUpgradeCheck = 1200;
				TargetAttributes = {
					23F7B9982522056A00F2C9C8 = {
						CreatedOnToolsVersion = 12.0;
					};
					23F7B9AE2522056C00F2C9C8 = {
						CreatedOnToolsVersion = 12.0;
						TestTargetID = 23F7B9982522056A00F2C9C8;
					};
					23F7B9B92522056C00F2C9C8 = {
						CreatedOnToolsVersion = 12.0;
						TestTargetID = 23F7B9982522056A00F2C9C8;
					};
				};
			};
			buildConfigurationList = 23F7B9942522056A00F2C9C8 /* Build configuration list for PBXProject "ConnectFour" */;
			compatibilityVersion = "Xcode 9.3";
			developmentRegion = en;
			hasScannedForEncodings = 0;
			knownRegions = (
				en,
				Base,
			);
			mainGroup = 23F7B9902522056A00F2C9C8;
			productRefGroup = 23F7B99A2522056A00F2C9C8 /* Products */;
			projectDirPath = "";
			projectRoot = "";
			targets = (
				23F7B9982522056A00F2C9C8 /* ConnectFour */,
				23F7B9AE2522056C00F2C9C8 /* ConnectFourTests */,
				23F7B9B92522056C00F2C9C8 /* ConnectFourUITests */,
			);
		};
/* End PBXProject section */

/* Begin PBXResourcesBuildPhase section */
		23F7B9972522056A00F2C9C8 /* Resources */ = {
			isa = PBXResourcesBuildPhase;
			buildActionMask = 2147483647;
			files = (
				23F7B9A92522056C00F2C9C8 /* LaunchScreen.storyboard in Resources */,
				23F7B9A62522056C00F2C9C8 /* Assets.xcassets in Resources */,
				23F7B9A42522056A00F2C9C8 /* Main.storyboard in Resources */,
			);
			runOnlyForDeploymentPostprocessing = 0;
		};
		23F7B9AD2522056C00F2C9C8 /* Resources */ = {
			isa = PBXResourcesBuildPhase;
			buildActionMask = 2147483647;
			files = (
			);
			runOnlyForDeploymentPostprocessing = 0;
		};
		23F7B9B82522056C00F2C9C8 /* Resources */ = {
			isa = PBXResourcesBuildPhase;
			buildActionMask = 2147483647;
			files = (
			);
			runOnlyForDeploymentPostprocessing = 0;
		};
/* End PBXResourcesBuildPhase section */

/* Begin PBXSourcesBuildPhase section */
		23F7B9952522056A00F2C9C8 /* Sources */ = {
			isa = PBXSourcesBuildPhase;
			buildActionMask = 2147483647;
			files = (
				23E545F0252231AF00F145B8 /* PlayerLabel.swift in Sources */,
				23E545E625222E2900F145B8 /* Player.swift in Sources */,
				23F7B9F22522135B00F2C9C8 /* GameError.swift in Sources */,
				23F7B9A12522056A00F2C9C8 /* ViewController.swift in Sources */,
				23F7B9EC2522122600F2C9C8 /* GameConfig.swift in Sources */,
				23F7BA0C25221F9B00F2C9C8 /* ColumnView.swift in Sources */,
				232645D92552CB9700903C14 /* ViewModel.swift in Sources */,
				23F7B9D72522071500F2C9C8 /* GameManager.swift in Sources */,
				23F7B99D2522056A00F2C9C8 /* AppDelegate.swift in Sources */,
				23E545EB25222E4D00F145B8 /* TurnHandler.swift in Sources */,
				23F7B99F2522056A00F2C9C8 /* SceneDelegate.swift in Sources */,
				23E545E12522273300F145B8 /* UIColor+hexInit.swift in Sources */,
				23F7B9FA2522138000F2C9C8 /* ConfigLoader.swift in Sources */,
				23F7BA0725221F6E00F2C9C8 /* DiscView.swift in Sources */,
			);
			runOnlyForDeploymentPostprocessing = 0;
		};
		23F7B9AB2522056C00F2C9C8 /* Sources */ = {
			isa = PBXSourcesBuildPhase;
			buildActionMask = 2147483647;
			files = (
				23F7B9E725220A5000F2C9C8 /* GameManagerTests.swift in Sources */,
				23F7B9FF2522156100F2C9C8 /* GameConfigTests.swift in Sources */,
				23E545F5252238DC00F145B8 /* TurnHandlerTests.swift in Sources */,
			);
			runOnlyForDeploymentPostprocessing = 0;
		};
		23F7B9B62522056C00F2C9C8 /* Sources */ = {
			isa = PBXSourcesBuildPhase;
			buildActionMask = 2147483647;
			files = (
				23F7B9BF2522056D00F2C9C8 /* ConnectFourUITests.swift in Sources */,
			);
			runOnlyForDeploymentPostprocessing = 0;
		};
/* End PBXSourcesBuildPhase section */

/* Begin PBXTargetDependency section */
		23F7B9B12522056C00F2C9C8 /* PBXTargetDependency */ = {
			isa = PBXTargetDependency;
			target = 23F7B9982522056A00F2C9C8 /* ConnectFour */;
			targetProxy = 23F7B9B02522056C00F2C9C8 /* PBXContainerItemProxy */;
		};
		23F7B9BC2522056C00F2C9C8 /* PBXTargetDependency */ = {
			isa = PBXTargetDependency;
			target = 23F7B9982522056A00F2C9C8 /* ConnectFour */;
			targetProxy = 23F7B9BB2522056C00F2C9C8 /* PBXContainerItemProxy */;
		};
/* End PBXTargetDependency section */

/* Begin PBXVariantGroup section */
		23F7B9A22522056A00F2C9C8 /* Main.storyboard */ = {
			isa = PBXVariantGroup;
			children = (
				23F7B9A32522056A00F2C9C8 /* Base */,
			);
			name = Main.storyboard;
			sourceTree = "<group>";
		};
		23F7B9A72522056C00F2C9C8 /* LaunchScreen.storyboard */ = {
			isa = PBXVariantGroup;
			children = (
				23F7B9A82522056C00F2C9C8 /* Base */,
			);
			name = LaunchScreen.storyboard;
			sourceTree = "<group>";
		};
/* End PBXVariantGroup section */

/* Begin XCBuildConfiguration section */
		23F7B9C12522056D00F2C9C8 /* Debug */ = {
			isa = XCBuildConfiguration;
			buildSettings = {
				ALWAYS_SEARCH_USER_PATHS = NO;
				CLANG_ANALYZER_NONNULL = YES;
				CLANG_ANALYZER_NUMBER_OBJECT_CONVERSION = YES_AGGRESSIVE;
				CLANG_CXX_LANGUAGE_STANDARD = "gnu++14";
				CLANG_CXX_LIBRARY = "libc++";
				CLANG_ENABLE_MODULES = YES;
				CLANG_ENABLE_OBJC_ARC = YES;
				CLANG_ENABLE_OBJC_WEAK = YES;
				CLANG_WARN_BLOCK_CAPTURE_AUTORELEASING = YES;
				CLANG_WARN_BOOL_CONVERSION = YES;
				CLANG_WARN_COMMA = YES;
				CLANG_WARN_CONSTANT_CONVERSION = YES;
				CLANG_WARN_DEPRECATED_OBJC_IMPLEMENTATIONS = YES;
				CLANG_WARN_DIRECT_OBJC_ISA_USAGE = YES_ERROR;
				CLANG_WARN_DOCUMENTATION_COMMENTS = YES;
				CLANG_WARN_EMPTY_BODY = YES;
				CLANG_WARN_ENUM_CONVERSION = YES;
				CLANG_WARN_INFINITE_RECURSION = YES;
				CLANG_WARN_INT_CONVERSION = YES;
				CLANG_WARN_NON_LITERAL_NULL_CONVERSION = YES;
				CLANG_WARN_OBJC_IMPLICIT_RETAIN_SELF = YES;
				CLANG_WARN_OBJC_LITERAL_CONVERSION = YES;
				CLANG_WARN_OBJC_ROOT_CLASS = YES_ERROR;
				CLANG_WARN_QUOTED_INCLUDE_IN_FRAMEWORK_HEADER = YES;
				CLANG_WARN_RANGE_LOOP_ANALYSIS = YES;
				CLANG_WARN_STRICT_PROTOTYPES = YES;
				CLANG_WARN_SUSPICIOUS_MOVE = YES;
				CLANG_WARN_UNGUARDED_AVAILABILITY = YES_AGGRESSIVE;
				CLANG_WARN_UNREACHABLE_CODE = YES;
				CLANG_WARN__DUPLICATE_METHOD_MATCH = YES;
				COPY_PHASE_STRIP = NO;
				DEBUG_INFORMATION_FORMAT = dwarf;
				ENABLE_STRICT_OBJC_MSGSEND = YES;
				ENABLE_TESTABILITY = YES;
				GCC_C_LANGUAGE_STANDARD = gnu11;
				GCC_DYNAMIC_NO_PIC = NO;
				GCC_NO_COMMON_BLOCKS = YES;
				GCC_OPTIMIZATION_LEVEL = 0;
				GCC_PREPROCESSOR_DEFINITIONS = (
					"DEBUG=1",
					"$(inherited)",
				);
				GCC_WARN_64_TO_32_BIT_CONVERSION = YES;
				GCC_WARN_ABOUT_RETURN_TYPE = YES_ERROR;
				GCC_WARN_UNDECLARED_SELECTOR = YES;
				GCC_WARN_UNINITIALIZED_AUTOS = YES_AGGRESSIVE;
				GCC_WARN_UNUSED_FUNCTION = YES;
				GCC_WARN_UNUSED_VARIABLE = YES;
				IPHONEOS_DEPLOYMENT_TARGET = 14.0;
				MTL_ENABLE_DEBUG_INFO = INCLUDE_SOURCE;
				MTL_FAST_MATH = YES;
				ONLY_ACTIVE_ARCH = YES;
				SDKROOT = iphoneos;
				SWIFT_ACTIVE_COMPILATION_CONDITIONS = DEBUG;
				SWIFT_OPTIMIZATION_LEVEL = "-Onone";
			};
			name = Debug;
		};
		23F7B9C22522056D00F2C9C8 /* Release */ = {
			isa = XCBuildConfiguration;
			buildSettings = {
				ALWAYS_SEARCH_USER_PATHS = NO;
				CLANG_ANALYZER_NONNULL = YES;
				CLANG_ANALYZER_NUMBER_OBJECT_CONVERSION = YES_AGGRESSIVE;
				CLANG_CXX_LANGUAGE_STANDARD = "gnu++14";
				CLANG_CXX_LIBRARY = "libc++";
				CLANG_ENABLE_MODULES = YES;
				CLANG_ENABLE_OBJC_ARC = YES;
				CLANG_ENABLE_OBJC_WEAK = YES;
				CLANG_WARN_BLOCK_CAPTURE_AUTORELEASING = YES;
				CLANG_WARN_BOOL_CONVERSION = YES;
				CLANG_WARN_COMMA = YES;
				CLANG_WARN_CONSTANT_CONVERSION = YES;
				CLANG_WARN_DEPRECATED_OBJC_IMPLEMENTATIONS = YES;
				CLANG_WARN_DIRECT_OBJC_ISA_USAGE = YES_ERROR;
				CLANG_WARN_DOCUMENTATION_COMMENTS = YES;
				CLANG_WARN_EMPTY_BODY = YES;
				CLANG_WARN_ENUM_CONVERSION = YES;
				CLANG_WARN_INFINITE_RECURSION = YES;
				CLANG_WARN_INT_CONVERSION = YES;
				CLANG_WARN_NON_LITERAL_NULL_CONVERSION = YES;
				CLANG_WARN_OBJC_IMPLICIT_RETAIN_SELF = YES;
				CLANG_WARN_OBJC_LITERAL_CONVERSION = YES;
				CLANG_WARN_OBJC_ROOT_CLASS = YES_ERROR;
				CLANG_WARN_QUOTED_INCLUDE_IN_FRAMEWORK_HEADER = YES;
				CLANG_WARN_RANGE_LOOP_ANALYSIS = YES;
				CLANG_WARN_STRICT_PROTOTYPES = YES;
				CLANG_WARN_SUSPICIOUS_MOVE = YES;
				CLANG_WARN_UNGUARDED_AVAILABILITY = YES_AGGRESSIVE;
				CLANG_WARN_UNREACHABLE_CODE = YES;
				CLANG_WARN__DUPLICATE_METHOD_MATCH = YES;
				COPY_PHASE_STRIP = NO;
				DEBUG_INFORMATION_FORMAT = "dwarf-with-dsym";
				ENABLE_NS_ASSERTIONS = NO;
				ENABLE_STRICT_OBJC_MSGSEND = YES;
				GCC_C_LANGUAGE_STANDARD = gnu11;
				GCC_NO_COMMON_BLOCKS = YES;
				GCC_WARN_64_TO_32_BIT_CONVERSION = YES;
				GCC_WARN_ABOUT_RETURN_TYPE = YES_ERROR;
				GCC_WARN_UNDECLARED_SELECTOR = YES;
				GCC_WARN_UNINITIALIZED_AUTOS = YES_AGGRESSIVE;
				GCC_WARN_UNUSED_FUNCTION = YES;
				GCC_WARN_UNUSED_VARIABLE = YES;
				IPHONEOS_DEPLOYMENT_TARGET = 14.0;
				MTL_ENABLE_DEBUG_INFO = NO;
				MTL_FAST_MATH = YES;
				SDKROOT = iphoneos;
				SWIFT_COMPILATION_MODE = wholemodule;
				SWIFT_OPTIMIZATION_LEVEL = "-O";
				VALIDATE_PRODUCT = YES;
			};
			name = Release;
		};
		23F7B9C42522056D00F2C9C8 /* Debug */ = {
			isa = XCBuildConfiguration;
			buildSettings = {
				ASSETCATALOG_COMPILER_APPICON_NAME = AppIcon;
				ASSETCATALOG_COMPILER_GLOBAL_ACCENT_COLOR_NAME = AccentColor;
				CODE_SIGN_STYLE = Automatic;
				DEVELOPMENT_TEAM = HRP7WJWH3Y;
				INFOPLIST_FILE = ConnectFour/SupportingFiles/Info.plist;
				LD_RUNPATH_SEARCH_PATHS = (
					"$(inherited)",
					"@executable_path/Frameworks",
				);
				PRODUCT_BUNDLE_IDENTIFIER = codingChallenge.ConnectFour;
				PRODUCT_NAME = "$(TARGET_NAME)";
				SWIFT_VERSION = 5.0;
				TARGETED_DEVICE_FAMILY = 2;
			};
			name = Debug;
		};
		23F7B9C52522056D00F2C9C8 /* Release */ = {
			isa = XCBuildConfiguration;
			buildSettings = {
				ASSETCATALOG_COMPILER_APPICON_NAME = AppIcon;
				ASSETCATALOG_COMPILER_GLOBAL_ACCENT_COLOR_NAME = AccentColor;
				CODE_SIGN_STYLE = Automatic;
				DEVELOPMENT_TEAM = HRP7WJWH3Y;
				INFOPLIST_FILE = ConnectFour/SupportingFiles/Info.plist;
				LD_RUNPATH_SEARCH_PATHS = (
					"$(inherited)",
					"@executable_path/Frameworks",
				);
				PRODUCT_BUNDLE_IDENTIFIER = codingChallenge.ConnectFour;
				PRODUCT_NAME = "$(TARGET_NAME)";
				SWIFT_VERSION = 5.0;
				TARGETED_DEVICE_FAMILY = 2;
			};
			name = Release;
		};
		23F7B9C72522056D00F2C9C8 /* Debug */ = {
			isa = XCBuildConfiguration;
			buildSettings = {
				ALWAYS_EMBED_SWIFT_STANDARD_LIBRARIES = YES;
				BUNDLE_LOADER = "$(TEST_HOST)";
				CODE_SIGN_STYLE = Automatic;
				DEVELOPMENT_TEAM = HRP7WJWH3Y;
				INFOPLIST_FILE = ConnectFourTests/Info.plist;
				IPHONEOS_DEPLOYMENT_TARGET = 14.0;
				LD_RUNPATH_SEARCH_PATHS = (
					"$(inherited)",
					"@executable_path/Frameworks",
					"@loader_path/Frameworks",
				);
				PRODUCT_BUNDLE_IDENTIFIER = codingChallenge.ConnectFourTests;
				PRODUCT_NAME = "$(TARGET_NAME)";
				SWIFT_VERSION = 5.0;
				TARGETED_DEVICE_FAMILY = "1,2";
				TEST_HOST = "$(BUILT_PRODUCTS_DIR)/ConnectFour.app/ConnectFour";
			};
			name = Debug;
		};
		23F7B9C82522056D00F2C9C8 /* Release */ = {
			isa = XCBuildConfiguration;
			buildSettings = {
				ALWAYS_EMBED_SWIFT_STANDARD_LIBRARIES = YES;
				BUNDLE_LOADER = "$(TEST_HOST)";
				CODE_SIGN_STYLE = Automatic;
				DEVELOPMENT_TEAM = HRP7WJWH3Y;
				INFOPLIST_FILE = ConnectFourTests/Info.plist;
				IPHONEOS_DEPLOYMENT_TARGET = 14.0;
				LD_RUNPATH_SEARCH_PATHS = (
					"$(inherited)",
					"@executable_path/Frameworks",
					"@loader_path/Frameworks",
				);
				PRODUCT_BUNDLE_IDENTIFIER = codingChallenge.ConnectFourTests;
				PRODUCT_NAME = "$(TARGET_NAME)";
				SWIFT_VERSION = 5.0;
				TARGETED_DEVICE_FAMILY = "1,2";
				TEST_HOST = "$(BUILT_PRODUCTS_DIR)/ConnectFour.app/ConnectFour";
			};
			name = Release;
		};
		23F7B9CA2522056D00F2C9C8 /* Debug */ = {
			isa = XCBuildConfiguration;
			buildSettings = {
				ALWAYS_EMBED_SWIFT_STANDARD_LIBRARIES = YES;
				CODE_SIGN_STYLE = Automatic;
				DEVELOPMENT_TEAM = HRP7WJWH3Y;
				INFOPLIST_FILE = ConnectFourUITests/Info.plist;
				LD_RUNPATH_SEARCH_PATHS = (
					"$(inherited)",
					"@executable_path/Frameworks",
					"@loader_path/Frameworks",
				);
				PRODUCT_BUNDLE_IDENTIFIER = codingChallenge.ConnectFourUITests;
				PRODUCT_NAME = "$(TARGET_NAME)";
				SWIFT_VERSION = 5.0;
				TARGETED_DEVICE_FAMILY = "1,2";
				TEST_TARGET_NAME = ConnectFour;
			};
			name = Debug;
		};
		23F7B9CB2522056D00F2C9C8 /* Release */ = {
			isa = XCBuildConfiguration;
			buildSettings = {
				ALWAYS_EMBED_SWIFT_STANDARD_LIBRARIES = YES;
				CODE_SIGN_STYLE = Automatic;
				DEVELOPMENT_TEAM = HRP7WJWH3Y;
				INFOPLIST_FILE = ConnectFourUITests/Info.plist;
				LD_RUNPATH_SEARCH_PATHS = (
					"$(inherited)",
					"@executable_path/Frameworks",
					"@loader_path/Frameworks",
				);
				PRODUCT_BUNDLE_IDENTIFIER = codingChallenge.ConnectFourUITests;
				PRODUCT_NAME = "$(TARGET_NAME)";
				SWIFT_VERSION = 5.0;
				TARGETED_DEVICE_FAMILY = "1,2";
				TEST_TARGET_NAME = ConnectFour;
			};
			name = Release;
		};
/* End XCBuildConfiguration section */

/* Begin XCConfigurationList section */
		23F7B9942522056A00F2C9C8 /* Build configuration list for PBXProject "ConnectFour" */ = {
			isa = XCConfigurationList;
			buildConfigurations = (
				23F7B9C12522056D00F2C9C8 /* Debug */,
				23F7B9C22522056D00F2C9C8 /* Release */,
			);
			defaultConfigurationIsVisible = 0;
			defaultConfigurationName = Release;
		};
		23F7B9C32522056D00F2C9C8 /* Build configuration list for PBXNativeTarget "ConnectFour" */ = {
			isa = XCConfigurationList;
			buildConfigurations = (
				23F7B9C42522056D00F2C9C8 /* Debug */,
				23F7B9C52522056D00F2C9C8 /* Release */,
			);
			defaultConfigurationIsVisible = 0;
			defaultConfigurationName = Release;
		};
		23F7B9C62522056D00F2C9C8 /* Build configuration list for PBXNativeTarget "ConnectFourTests" */ = {
			isa = XCConfigurationList;
			buildConfigurations = (
				23F7B9C72522056D00F2C9C8 /* Debug */,
				23F7B9C82522056D00F2C9C8 /* Release */,
			);
			defaultConfigurationIsVisible = 0;
			defaultConfigurationName = Release;
		};
		23F7B9C92522056D00F2C9C8 /* Build configuration list for PBXNativeTarget "ConnectFourUITests" */ = {
			isa = XCConfigurationList;
			buildConfigurations = (
				23F7B9CA2522056D00F2C9C8 /* Debug */,
				23F7B9CB2522056D00F2C9C8 /* Release */,
			);
			defaultConfigurationIsVisible = 0;
			defaultConfigurationName = Release;
		};
/* End XCConfigurationList section */
	};
	rootObject = 23F7B9912522056A00F2C9C8 /* Project object */;
}
